
Microsoft Visual Studio Solution File, Format Version 12.00
# Visual Studio Version 17
VisualStudioVersion = 17.4.33122.133
MinimumVisualStudioVersion = 10.0.40219.1
Project("{FAE04EC0-301F-11D3-BF4B-00C04F79EFBC}") = "Pupper Upper", "Pupper Upper\Pupper Upper.csproj", "{AFC19744-32CE-464D-9862-7017A472CCB3}"
EndProject
Global
	GlobalSection(SolutionConfigurationPlatforms) = preSolution
		Debug|Any CPU = Debug|Any CPU
		Release|Any CPU = Release|Any CPU
	EndGlobalSection
	GlobalSection(ProjectConfigurationPlatforms) = postSolution
		{AFC19744-32CE-464D-9862-7017A472CCB3}.Debug|Any CPU.ActiveCfg = Debug|Any CPU
		{AFC19744-32CE-464D-9862-7017A472CCB3}.Debug|Any CPU.Build.0 = Debug|Any CPU
		{AFC19744-32CE-464D-9862-7017A472CCB3}.Release|Any CPU.ActiveCfg = Release|Any CPU
		{AFC19744-32CE-464D-9862-7017A472CCB3}.Release|Any CPU.Build.0 = Release|Any CPU
	EndGlobalSection
	GlobalSection(SolutionProperties) = preSolution
		HideSolutionNode = FALSE
	EndGlobalSection
	GlobalSection(ExtensibilityGlobals) = postSolution
		SolutionGuid = {E05D9CF6-4C59-4BBB-ABC8-33C0E0051DE4}
	EndGlobalSection
EndGlobal
